# THIS IS AN AUTOGENERATED FILE. DO NOT EDIT THIS FILE DIRECTLY.
# yarn lockfile v1


"inobounce@>= 0.2.0":
  version "0.2.0"
  resolved "https://registry.yarnpkg.com/inobounce/-/inobounce-0.2.0.tgz#adfb6cfa505758f51f8a9f0859768c0a043dd9c3"
  integrity sha512-eJt1MQEqLKanAFEE5DkSF36d9uyg8kLb/R6ysEF7udJOM5JZXidkhhGv6WoWbEcVdyRqZfYMjv6XbSIz7tD4CQ==

jquery@^3.4.1:
  version "3.4.1"
  resolved "https://registry.yarnpkg.com/jquery/-/jquery-3.4.1.tgz#714f1f8d9dde4bdfa55764ba37ef214630d80ef2"
  integrity sha512-36+AdBzCL+y6qjw5Tx7HgzeGCzC81MDDgaUP8ld2zhx58HdqXGoBd+tHdrBMiyjGQs0Hxs/MLZTu/eHNJJuWPw==
